
Microsoft Visual Studio Solution File, Format Version 12.00
# Visual Studio 15
Project("{FAE04EC0-301F-11D3-BF4B-00C04F79EFBC}") = "Assembly-CSharp", "Assembly-CSharp.csproj", "{DDF62DFD-4F15-A7D2-8280-FDE8873B3CFC}"
EndProject
Global
	GlobalSection(SolutionConfigurationPlatforms) = preSolution
		Debug|Any CPU = Debug|Any CPU
		Release|Any CPU = Release|Any CPU
	EndGlobalSection
	GlobalSection(ProjectConfigurationPlatforms) = postSolution
		{DDF62DFD-4F15-A7D2-8280-FDE8873B3CFC}.Debug|Any CPU.ActiveCfg = Debug|Any CPU
		{DDF62DFD-4F15-A7D2-8280-FDE8873B3CFC}.Debug|Any CPU.Build.0 = Debug|Any CPU
		{DDF62DFD-4F15-A7D2-8280-FDE8873B3CFC}.Release|Any CPU.ActiveCfg = Release|Any CPU
		{DDF62DFD-4F15-A7D2-8280-FDE8873B3CFC}.Release|Any CPU.Build.0 = Release|Any CPU
	EndGlobalSection
	GlobalSection(SolutionProperties) = preSolution
		HideSolutionNode = FALSE
	EndGlobalSection
EndGlobal
